
Microsoft Visual Studio Solution File, Format Version 12.00
# Visual Studio Version 17
VisualStudioVersion = 17.7.34024.191
MinimumVisualStudioVersion = 10.0.40219.1
Project("{FAE04EC0-301F-11D3-BF4B-00C04F79EFBC}") = "fruit_detect", "fruit_detect\fruit_detect.csproj", "{6FABB8A0-958D-484C-813B-F3C35F7BB9DB}"
EndProject
Global
	GlobalSection(SolutionConfigurationPlatforms) = preSolution
		Debug|Any CPU = Debug|Any CPU
		Release|Any CPU = Release|Any CPU
	EndGlobalSection
	GlobalSection(ProjectConfigurationPlatforms) = postSolution
		{6FABB8A0-958D-484C-813B-F3C35F7BB9DB}.Debug|Any CPU.ActiveCfg = Debug|Any CPU
		{6FABB8A0-958D-484C-813B-F3C35F7BB9DB}.Debug|Any CPU.Build.0 = Debug|Any CPU
		{6FABB8A0-958D-484C-813B-F3C35F7BB9DB}.Release|Any CPU.ActiveCfg = Release|Any CPU
		{6FABB8A0-958D-484C-813B-F3C35F7BB9DB}.Release|Any CPU.Build.0 = Release|Any CPU
	EndGlobalSection
	GlobalSection(SolutionProperties) = preSolution
		HideSolutionNode = FALSE
	EndGlobalSection
	GlobalSection(ExtensibilityGlobals) = postSolution
		SolutionGuid = {3A548DCC-E264-4636-9FBE-9DC1A0D8D5A8}
	EndGlobalSection
EndGlobal
